
Microsoft Visual Studio Solution File, Format Version 12.00
# Visual Studio 15
Project("{FAE04EC0-301F-11D3-BF4B-00C04F79EFBC}") = "SimpleInput.Runtime", "SimpleInput.Runtime.csproj", "{A6389C2A-5E80-577C-283F-B27C58072B52}"
EndProject
Project("{FAE04EC0-301F-11D3-BF4B-00C04F79EFBC}") = "ToonyColorsPro.Demo.Editor", "ToonyColorsPro.Demo.Editor.csproj", "{D93BD291-3117-CD4F-18A9-2263F34EB46D}"
EndProject
Project("{FAE04EC0-301F-11D3-BF4B-00C04F79EFBC}") = "Assembly-CSharp", "Assembly-CSharp.csproj", "{7514828E-7DE2-CEC3-0456-1AF1F3072526}"
EndProject
Project("{FAE04EC0-301F-11D3-BF4B-00C04F79EFBC}") = "SimpleInput.Editor", "SimpleInput.Editor.csproj", "{ED333B0B-828B-30DD-8B86-B7B082FF9A1A}"
EndProject
Project("{FAE04EC0-301F-11D3-BF4B-00C04F79EFBC}") = "CFXRRuntime", "CFXRRuntime.csproj", "{30C46BE4-B739-CE8A-3526-393986EBAE9F}"
EndProject
Project("{FAE04EC0-301F-11D3-BF4B-00C04F79EFBC}") = "CFXRDemo", "CFXRDemo.csproj", "{620D5B01-5B68-277F-CFFE-B66C760BC576}"
EndProject
Project("{FAE04EC0-301F-11D3-BF4B-00C04F79EFBC}") = "Assembly-CSharp-Editor", "Assembly-CSharp-Editor.csproj", "{D5339669-3050-1FA1-8C66-5D95F951F797}"
EndProject
Project("{FAE04EC0-301F-11D3-BF4B-00C04F79EFBC}") = "KinoBloom.Runtime", "KinoBloom.Runtime.csproj", "{C1490269-7ED6-6F9C-416E-C93888102D0C}"
EndProject
Project("{FAE04EC0-301F-11D3-BF4B-00C04F79EFBC}") = "CFXREditor", "CFXREditor.csproj", "{05202C2E-E7C1-615E-4BBC-5374309DC8AF}"
EndProject
Global
	GlobalSection(SolutionConfigurationPlatforms) = preSolution
		Debug|Any CPU = Debug|Any CPU
		Release|Any CPU = Release|Any CPU
	EndGlobalSection
	GlobalSection(ProjectConfigurationPlatforms) = postSolution
		{A6389C2A-5E80-577C-283F-B27C58072B52}.Debug|Any CPU.ActiveCfg = Debug|Any CPU
		{A6389C2A-5E80-577C-283F-B27C58072B52}.Debug|Any CPU.Build.0 = Debug|Any CPU
		{A6389C2A-5E80-577C-283F-B27C58072B52}.Release|Any CPU.ActiveCfg = Release|Any CPU
		{A6389C2A-5E80-577C-283F-B27C58072B52}.Release|Any CPU.Build.0 = Release|Any CPU
		{D93BD291-3117-CD4F-18A9-2263F34EB46D}.Debug|Any CPU.ActiveCfg = Debug|Any CPU
		{D93BD291-3117-CD4F-18A9-2263F34EB46D}.Debug|Any CPU.Build.0 = Debug|Any CPU
		{D93BD291-3117-CD4F-18A9-2263F34EB46D}.Release|Any CPU.ActiveCfg = Release|Any CPU
		{D93BD291-3117-CD4F-18A9-2263F34EB46D}.Release|Any CPU.Build.0 = Release|Any CPU
		{7514828E-7DE2-CEC3-0456-1AF1F3072526}.Debug|Any CPU.ActiveCfg = Debug|Any CPU
		{7514828E-7DE2-CEC3-0456-1AF1F3072526}.Debug|Any CPU.Build.0 = Debug|Any CPU
		{7514828E-7DE2-CEC3-0456-1AF1F3072526}.Release|Any CPU.ActiveCfg = Release|Any CPU
		{7514828E-7DE2-CEC3-0456-1AF1F3072526}.Release|Any CPU.Build.0 = Release|Any CPU
		{ED333B0B-828B-30DD-8B86-B7B082FF9A1A}.Debug|Any CPU.ActiveCfg = Debug|Any CPU
		{ED333B0B-828B-30DD-8B86-B7B082FF9A1A}.Debug|Any CPU.Build.0 = Debug|Any CPU
		{ED333B0B-828B-30DD-8B86-B7B082FF9A1A}.Release|Any CPU.ActiveCfg = Release|Any CPU
		{ED333B0B-828B-30DD-8B86-B7B082FF9A1A}.Release|Any CPU.Build.0 = Release|Any CPU
		{30C46BE4-B739-CE8A-3526-393986EBAE9F}.Debug|Any CPU.ActiveCfg = Debug|Any CPU
		{30C46BE4-B739-CE8A-3526-393986EBAE9F}.Debug|Any CPU.Build.0 = Debug|Any CPU
		{30C46BE4-B739-CE8A-3526-393986EBAE9F}.Release|Any CPU.ActiveCfg = Release|Any CPU
		{30C46BE4-B739-CE8A-3526-393986EBAE9F}.Release|Any CPU.Build.0 = Release|Any CPU
		{620D5B01-5B68-277F-CFFE-B66C760BC576}.Debug|Any CPU.ActiveCfg = Debug|Any CPU
		{620D5B01-5B68-277F-CFFE-B66C760BC576}.Debug|Any CPU.Build.0 = Debug|Any CPU
		{620D5B01-5B68-277F-CFFE-B66C760BC576}.Release|Any CPU.ActiveCfg = Release|Any CPU
		{620D5B01-5B68-277F-CFFE-B66C760BC576}.Release|Any CPU.Build.0 = Release|Any CPU
		{D5339669-3050-1FA1-8C66-5D95F951F797}.Debug|Any CPU.ActiveCfg = Debug|Any CPU
		{D5339669-3050-1FA1-8C66-5D95F951F797}.Debug|Any CPU.Build.0 = Debug|Any CPU
		{D5339669-3050-1FA1-8C66-5D95F951F797}.Release|Any CPU.ActiveCfg = Release|Any CPU
		{D5339669-3050-1FA1-8C66-5D95F951F797}.Release|Any CPU.Build.0 = Release|Any CPU
		{C1490269-7ED6-6F9C-416E-C93888102D0C}.Debug|Any CPU.ActiveCfg = Debug|Any CPU
		{C1490269-7ED6-6F9C-416E-C93888102D0C}.Debug|Any CPU.Build.0 = Debug|Any CPU
		{C1490269-7ED6-6F9C-416E-C93888102D0C}.Release|Any CPU.ActiveCfg = Release|Any CPU
		{C1490269-7ED6-6F9C-416E-C93888102D0C}.Release|Any CPU.Build.0 = Release|Any CPU
		{05202C2E-E7C1-615E-4BBC-5374309DC8AF}.Debug|Any CPU.ActiveCfg = Debug|Any CPU
		{05202C2E-E7C1-615E-4BBC-5374309DC8AF}.Debug|Any CPU.Build.0 = Debug|Any CPU
		{05202C2E-E7C1-615E-4BBC-5374309DC8AF}.Release|Any CPU.ActiveCfg = Release|Any CPU
		{05202C2E-E7C1-615E-4BBC-5374309DC8AF}.Release|Any CPU.Build.0 = Release|Any CPU
	EndGlobalSection
	GlobalSection(SolutionProperties) = preSolution
		HideSolutionNode = FALSE
	EndGlobalSection
EndGlobal
